// !$*UTF8*$!
{
	archiveVersion = 1;
	classes = {
	};
	objectVersion = 50;
	objects = {

/* Begin PBXBuildFile section */
		3AD16BE47A8770AF114A54BB /* Pods_KJExceptionDemo_KJExceptionDemoUITests.framework in Frameworks */ = {isa = PBXBuildFile; fileRef = 725C1E3F3DEED72047F27B51 /* Pods_KJExceptionDemo_KJExceptionDemoUITests.framework */; };
		683DDDC52587633A00718F03 /* KJCrashProtectorManager.m in Sources */ = {isa = PBXBuildFile; fileRef = 683DDDC42587633A00718F03 /* KJCrashProtectorManager.m */; };
		683DDDCE2587675D00718F03 /* NSMutableAttributedString+KJException.m in Sources */ = {isa = PBXBuildFile; fileRef = 683DDDCD2587675D00718F03 /* NSMutableAttributedString+KJException.m */; };
		683DDDD72587677C00718F03 /* NSString+KJException.m in Sources */ = {isa = PBXBuildFile; fileRef = 683DDDD62587677C00718F03 /* NSString+KJException.m */; };
		683DDDDD2587679600718F03 /* NSAttributedString+KJException.m in Sources */ = {isa = PBXBuildFile; fileRef = 683DDDDC2587679600718F03 /* NSAttributedString+KJException.m */; };
		683DDDE82587733700718F03 /* NSObject+KJUnrecognizedSelectorException.m in Sources */ = {isa = PBXBuildFile; fileRef = 683DDDE72587733700718F03 /* NSObject+KJUnrecognizedSelectorException.m */; };
		684A42F62589DE0900CA3B49 /* NSNull+KJException.m in Sources */ = {isa = PBXBuildFile; fileRef = 684A42F52589DE0900CA3B49 /* NSNull+KJException.m */; };
		684F9F1A257741BA005F1533 /* KJExceptionDemo.podspec in Resources */ = {isa = PBXBuildFile; fileRef = 684F9F19257741BA005F1533 /* KJExceptionDemo.podspec */; };
		684F9F1F257741C2005F1533 /* README.md in Resources */ = {isa = PBXBuildFile; fileRef = 684F9F1E257741C2005F1533 /* README.md */; };
		6854A8BB259AD55D000AF944 /* NSObject+KJKVOException.m in Sources */ = {isa = PBXBuildFile; fileRef = 6854A8BA259AD55D000AF944 /* NSObject+KJKVOException.m */; };
		6854A8C2259AFA75000AF944 /* UIView+KJNonMainException.m in Sources */ = {isa = PBXBuildFile; fileRef = 6854A8C1259AFA75000AF944 /* UIView+KJNonMainException.m */; };
		685AD6012577274D00960EE6 /* AppDelegate.m in Sources */ = {isa = PBXBuildFile; fileRef = 685AD6002577274D00960EE6 /* AppDelegate.m */; };
		685AD6042577274D00960EE6 /* SceneDelegate.m in Sources */ = {isa = PBXBuildFile; fileRef = 685AD6032577274D00960EE6 /* SceneDelegate.m */; };
		685AD6072577274D00960EE6 /* ViewController.m in Sources */ = {isa = PBXBuildFile; fileRef = 685AD6062577274D00960EE6 /* ViewController.m */; };
		685AD60A2577274D00960EE6 /* Main.storyboard in Resources */ = {isa = PBXBuildFile; fileRef = 685AD6082577274D00960EE6 /* Main.storyboard */; };
		685AD60D2577274D00960EE6 /* KJExceptionDemo.xcdatamodeld in Sources */ = {isa = PBXBuildFile; fileRef = 685AD60B2577274D00960EE6 /* KJExceptionDemo.xcdatamodeld */; };
		685AD60F2577274E00960EE6 /* Assets.xcassets in Resources */ = {isa = PBXBuildFile; fileRef = 685AD60E2577274E00960EE6 /* Assets.xcassets */; };
		685AD6122577274E00960EE6 /* LaunchScreen.storyboard in Resources */ = {isa = PBXBuildFile; fileRef = 685AD6102577274E00960EE6 /* LaunchScreen.storyboard */; };
		685AD6152577274E00960EE6 /* main.m in Sources */ = {isa = PBXBuildFile; fileRef = 685AD6142577274E00960EE6 /* main.m */; };
		685AD61F2577274E00960EE6 /* KJExceptionDemoTests.m in Sources */ = {isa = PBXBuildFile; fileRef = 685AD61E2577274E00960EE6 /* KJExceptionDemoTests.m */; };
		685AD62A2577274E00960EE6 /* KJExceptionDemoUITests.m in Sources */ = {isa = PBXBuildFile; fileRef = 685AD6292577274E00960EE6 /* KJExceptionDemoUITests.m */; };
		68913FCD25884B79005DDB82 /* NSObject+KJCustomException.m in Sources */ = {isa = PBXBuildFile; fileRef = 68913FCC25884B79005DDB82 /* NSObject+KJCustomException.m */; };
		68AA5C7A257732830099EB48 /* NSMutableString+KJException.m in Sources */ = {isa = PBXBuildFile; fileRef = 68AA5C6A257732830099EB48 /* NSMutableString+KJException.m */; };
		68AA5C7B257732830099EB48 /* NSMutableDictionary+KJException.m in Sources */ = {isa = PBXBuildFile; fileRef = 68AA5C6B257732830099EB48 /* NSMutableDictionary+KJException.m */; };
		68AA5C7C257732830099EB48 /* NSArray+KJException.m in Sources */ = {isa = PBXBuildFile; fileRef = 68AA5C72257732830099EB48 /* NSArray+KJException.m */; };
		68AA5C7D257732830099EB48 /* KJCrashManager.m in Sources */ = {isa = PBXBuildFile; fileRef = 68AA5C75257732830099EB48 /* KJCrashManager.m */; };
		68AA5C7E257732830099EB48 /* NSDictionary+KJException.m in Sources */ = {isa = PBXBuildFile; fileRef = 68AA5C76257732830099EB48 /* NSDictionary+KJException.m */; };
		68AA5C7F257732830099EB48 /* NSMutableArray+KJException.m in Sources */ = {isa = PBXBuildFile; fileRef = 68AA5C77257732830099EB48 /* NSMutableArray+KJException.m */; };
		68B17EC2258B662E00177E4E /* NSTimer+KJException.m in Sources */ = {isa = PBXBuildFile; fileRef = 68B17EC1258B662E00177E4E /* NSTimer+KJException.m */; };
		7E2512DE920A237A55DA7756 /* Pods_KJExceptionDemoTests.framework in Frameworks */ = {isa = PBXBuildFile; fileRef = C044C30ED640F8CC8A9A6667 /* Pods_KJExceptionDemoTests.framework */; };
		EE220845BD3C869D39D873B6 /* Pods_KJExceptionDemo.framework in Frameworks */ = {isa = PBXBuildFile; fileRef = C4E8D9D16C29E91090D777C5 /* Pods_KJExceptionDemo.framework */; };
/* End PBXBuildFile section */

/* Begin PBXContainerItemProxy section */
		685AD61B2577274E00960EE6 /* PBXContainerItemProxy */ = {
			isa = PBXContainerItemProxy;
			containerPortal = 685AD5F42577274D00960EE6 /* Project object */;
			proxyType = 1;
			remoteGlobalIDString = 685AD5FB2577274D00960EE6;
			remoteInfo = KJExceptionDemo;
		};
		685AD6262577274E00960EE6 /* PBXContainerItemProxy */ = {
			isa = PBXContainerItemProxy;
			containerPortal = 685AD5F42577274D00960EE6 /* Project object */;
			proxyType = 1;
			remoteGlobalIDString = 685AD5FB2577274D00960EE6;
			remoteInfo = KJExceptionDemo;
		};
/* End PBXContainerItemProxy section */

/* Begin PBXFileReference section */
		0A93A3412B5F9E4E093A8B2D /* Pods-KJExceptionDemoTests.debug.xcconfig */ = {isa = PBXFileReference; includeInIndex = 1; lastKnownFileType = text.xcconfig; name = "Pods-KJExceptionDemoTests.debug.xcconfig"; path = "Target Support Files/Pods-KJExceptionDemoTests/Pods-KJExceptionDemoTests.debug.xcconfig"; sourceTree = "<group>"; };
		4518F1E75855FEF83C0FB32E /* Pods-KJExceptionDemo.release.xcconfig */ = {isa = PBXFileReference; includeInIndex = 1; lastKnownFileType = text.xcconfig; name = "Pods-KJExceptionDemo.release.xcconfig"; path = "Target Support Files/Pods-KJExceptionDemo/Pods-KJExceptionDemo.release.xcconfig"; sourceTree = "<group>"; };
		683DDDC32587633A00718F03 /* KJCrashProtectorManager.h */ = {isa = PBXFileReference; lastKnownFileType = sourcecode.c.h; path = KJCrashProtectorManager.h; sourceTree = "<group>"; };
		683DDDC42587633A00718F03 /* KJCrashProtectorManager.m */ = {isa = PBXFileReference; lastKnownFileType = sourcecode.c.objc; path = KJCrashProtectorManager.m; sourceTree = "<group>"; };
		683DDDCC2587675D00718F03 /* NSMutableAttributedString+KJException.h */ = {isa = PBXFileReference; lastKnownFileType = sourcecode.c.h; path = "NSMutableAttributedString+KJException.h"; sourceTree = "<group>"; };
		683DDDCD2587675D00718F03 /* NSMutableAttributedString+KJException.m */ = {isa = PBXFileReference; lastKnownFileType = sourcecode.c.objc; path = "NSMutableAttributedString+KJException.m"; sourceTree = "<group>"; };
		683DDDD52587677C00718F03 /* NSString+KJException.h */ = {isa = PBXFileReference; lastKnownFileType = sourcecode.c.h; path = "NSString+KJException.h"; sourceTree = "<group>"; };
		683DDDD62587677C00718F03 /* NSString+KJException.m */ = {isa = PBXFileReference; lastKnownFileType = sourcecode.c.objc; path = "NSString+KJException.m"; sourceTree = "<group>"; };
		683DDDDB2587679600718F03 /* NSAttributedString+KJException.h */ = {isa = PBXFileReference; lastKnownFileType = sourcecode.c.h; path = "NSAttributedString+KJException.h"; sourceTree = "<group>"; };
		683DDDDC2587679600718F03 /* NSAttributedString+KJException.m */ = {isa = PBXFileReference; lastKnownFileType = sourcecode.c.objc; path = "NSAttributedString+KJException.m"; sourceTree = "<group>"; };
		683DDDE62587733700718F03 /* NSObject+KJUnrecognizedSelectorException.h */ = {isa = PBXFileReference; lastKnownFileType = sourcecode.c.h; path = "NSObject+KJUnrecognizedSelectorException.h"; sourceTree = "<group>"; };
		683DDDE72587733700718F03 /* NSObject+KJUnrecognizedSelectorException.m */ = {isa = PBXFileReference; lastKnownFileType = sourcecode.c.objc; path = "NSObject+KJUnrecognizedSelectorException.m"; sourceTree = "<group>"; };
		684A42F42589DE0900CA3B49 /* NSNull+KJException.h */ = {isa = PBXFileReference; lastKnownFileType = sourcecode.c.h; path = "NSNull+KJException.h"; sourceTree = "<group>"; };
		684A42F52589DE0900CA3B49 /* NSNull+KJException.m */ = {isa = PBXFileReference; lastKnownFileType = sourcecode.c.objc; path = "NSNull+KJException.m"; sourceTree = "<group>"; };
		684F9F19257741BA005F1533 /* KJExceptionDemo.podspec */ = {isa = PBXFileReference; lastKnownFileType = text; path = KJExceptionDemo.podspec; sourceTree = SOURCE_ROOT; };
		684F9F1E257741C2005F1533 /* README.md */ = {isa = PBXFileReference; fileEncoding = 4; lastKnownFileType = net.daringfireball.markdown; path = README.md; sourceTree = SOURCE_ROOT; };
		6854A8B9259AD55D000AF944 /* NSObject+KJKVOException.h */ = {isa = PBXFileReference; lastKnownFileType = sourcecode.c.h; path = "NSObject+KJKVOException.h"; sourceTree = "<group>"; };
		6854A8BA259AD55D000AF944 /* NSObject+KJKVOException.m */ = {isa = PBXFileReference; lastKnownFileType = sourcecode.c.objc; path = "NSObject+KJKVOException.m"; sourceTree = "<group>"; };
		6854A8C0259AFA75000AF944 /* UIView+KJNonMainException.h */ = {isa = PBXFileReference; lastKnownFileType = sourcecode.c.h; path = "UIView+KJNonMainException.h"; sourceTree = "<group>"; };
		6854A8C1259AFA75000AF944 /* UIView+KJNonMainException.m */ = {isa = PBXFileReference; lastKnownFileType = sourcecode.c.objc; path = "UIView+KJNonMainException.m"; sourceTree = "<group>"; };
		685AD5FC2577274D00960EE6 /* KJExceptionDemo.app */ = {isa = PBXFileReference; explicitFileType = wrapper.application; includeInIndex = 0; path = KJExceptionDemo.app; sourceTree = BUILT_PRODUCTS_DIR; };
		685AD5FF2577274D00960EE6 /* AppDelegate.h */ = {isa = PBXFileReference; lastKnownFileType = sourcecode.c.h; path = AppDelegate.h; sourceTree = "<group>"; };
		685AD6002577274D00960EE6 /* AppDelegate.m */ = {isa = PBXFileReference; lastKnownFileType = sourcecode.c.objc; path = AppDelegate.m; sourceTree = "<group>"; };
		685AD6022577274D00960EE6 /* SceneDelegate.h */ = {isa = PBXFileReference; lastKnownFileType = sourcecode.c.h; path = SceneDelegate.h; sourceTree = "<group>"; };
		685AD6032577274D00960EE6 /* SceneDelegate.m */ = {isa = PBXFileReference; lastKnownFileType = sourcecode.c.objc; path = SceneDelegate.m; sourceTree = "<group>"; };
		685AD6052577274D00960EE6 /* ViewController.h */ = {isa = PBXFileReference; lastKnownFileType = sourcecode.c.h; path = ViewController.h; sourceTree = "<group>"; };
		685AD6062577274D00960EE6 /* ViewController.m */ = {isa = PBXFileReference; lastKnownFileType = sourcecode.c.objc; path = ViewController.m; sourceTree = "<group>"; };
		685AD6092577274D00960EE6 /* Base */ = {isa = PBXFileReference; lastKnownFileType = file.storyboard; name = Base; path = Base.lproj/Main.storyboard; sourceTree = "<group>"; };
		685AD60C2577274D00960EE6 /* KJExceptionDemo.xcdatamodel */ = {isa = PBXFileReference; lastKnownFileType = wrapper.xcdatamodel; path = KJExceptionDemo.xcdatamodel; sourceTree = "<group>"; };
		685AD60E2577274E00960EE6 /* Assets.xcassets */ = {isa = PBXFileReference; lastKnownFileType = folder.assetcatalog; path = Assets.xcassets; sourceTree = "<group>"; };
		685AD6112577274E00960EE6 /* Base */ = {isa = PBXFileReference; lastKnownFileType = file.storyboard; name = Base; path = Base.lproj/LaunchScreen.storyboard; sourceTree = "<group>"; };
		685AD6132577274E00960EE6 /* Info.plist */ = {isa = PBXFileReference; lastKnownFileType = text.plist.xml; path = Info.plist; sourceTree = "<group>"; };
		685AD6142577274E00960EE6 /* main.m */ = {isa = PBXFileReference; lastKnownFileType = sourcecode.c.objc; path = main.m; sourceTree = "<group>"; };
		685AD61A2577274E00960EE6 /* KJExceptionDemoTests.xctest */ = {isa = PBXFileReference; explicitFileType = wrapper.cfbundle; includeInIndex = 0; path = KJExceptionDemoTests.xctest; sourceTree = BUILT_PRODUCTS_DIR; };
		685AD61E2577274E00960EE6 /* KJExceptionDemoTests.m */ = {isa = PBXFileReference; lastKnownFileType = sourcecode.c.objc; path = KJExceptionDemoTests.m; sourceTree = "<group>"; };
		685AD6202577274E00960EE6 /* Info.plist */ = {isa = PBXFileReference; lastKnownFileType = text.plist.xml; path = Info.plist; sourceTree = "<group>"; };
		685AD6252577274E00960EE6 /* KJExceptionDemoUITests.xctest */ = {isa = PBXFileReference; explicitFileType = wrapper.cfbundle; includeInIndex = 0; path = KJExceptionDemoUITests.xctest; sourceTree = BUILT_PRODUCTS_DIR; };
		685AD6292577274E00960EE6 /* KJExceptionDemoUITests.m */ = {isa = PBXFileReference; lastKnownFileType = sourcecode.c.objc; path = KJExceptionDemoUITests.m; sourceTree = "<group>"; };
		685AD62B2577274E00960EE6 /* Info.plist */ = {isa = PBXFileReference; lastKnownFileType = text.plist.xml; path = Info.plist; sourceTree = "<group>"; };
		68913FCB25884B79005DDB82 /* NSObject+KJCustomException.h */ = {isa = PBXFileReference; lastKnownFileType = sourcecode.c.h; path = "NSObject+KJCustomException.h"; sourceTree = "<group>"; };
		68913FCC25884B79005DDB82 /* NSObject+KJCustomException.m */ = {isa = PBXFileReference; lastKnownFileType = sourcecode.c.objc; path = "NSObject+KJCustomException.m"; sourceTree = "<group>"; };
		68AA5C68257732830099EB48 /* NSArray+KJException.h */ = {isa = PBXFileReference; fileEncoding = 4; lastKnownFileType = sourcecode.c.h; path = "NSArray+KJException.h"; sourceTree = "<group>"; };
		68AA5C6A257732830099EB48 /* NSMutableString+KJException.m */ = {isa = PBXFileReference; fileEncoding = 4; lastKnownFileType = sourcecode.c.objc; path = "NSMutableString+KJException.m"; sourceTree = "<group>"; };
		68AA5C6B257732830099EB48 /* NSMutableDictionary+KJException.m */ = {isa = PBXFileReference; fileEncoding = 4; lastKnownFileType = sourcecode.c.objc; path = "NSMutableDictionary+KJException.m"; sourceTree = "<group>"; };
		68AA5C6C257732830099EB48 /* NSMutableArray+KJException.h */ = {isa = PBXFileReference; fileEncoding = 4; lastKnownFileType = sourcecode.c.h; path = "NSMutableArray+KJException.h"; sourceTree = "<group>"; };
		68AA5C6D257732830099EB48 /* NSDictionary+KJException.h */ = {isa = PBXFileReference; fileEncoding = 4; lastKnownFileType = sourcecode.c.h; path = "NSDictionary+KJException.h"; sourceTree = "<group>"; };
		68AA5C6E257732830099EB48 /* KJCrashProtocol.h */ = {isa = PBXFileReference; fileEncoding = 4; lastKnownFileType = sourcecode.c.h; path = KJCrashProtocol.h; sourceTree = "<group>"; };
		68AA5C6F257732830099EB48 /* KJCrashManager.h */ = {isa = PBXFileReference; fileEncoding = 4; lastKnownFileType = sourcecode.c.h; path = KJCrashManager.h; sourceTree = "<group>"; };
		68AA5C72257732830099EB48 /* NSArray+KJException.m */ = {isa = PBXFileReference; fileEncoding = 4; lastKnownFileType = sourcecode.c.objc; path = "NSArray+KJException.m"; sourceTree = "<group>"; };
		68AA5C73257732830099EB48 /* NSMutableDictionary+KJException.h */ = {isa = PBXFileReference; fileEncoding = 4; lastKnownFileType = sourcecode.c.h; path = "NSMutableDictionary+KJException.h"; sourceTree = "<group>"; };
		68AA5C74257732830099EB48 /* NSMutableString+KJException.h */ = {isa = PBXFileReference; fileEncoding = 4; lastKnownFileType = sourcecode.c.h; path = "NSMutableString+KJException.h"; sourceTree = "<group>"; };
		68AA5C75257732830099EB48 /* KJCrashManager.m */ = {isa = PBXFileReference; fileEncoding = 4; lastKnownFileType = sourcecode.c.objc; path = KJCrashManager.m; sourceTree = "<group>"; };
		68AA5C76257732830099EB48 /* NSDictionary+KJException.m */ = {isa = PBXFileReference; fileEncoding = 4; lastKnownFileType = sourcecode.c.objc; path = "NSDictionary+KJException.m"; sourceTree = "<group>"; };
		68AA5C77257732830099EB48 /* NSMutableArray+KJException.m */ = {isa = PBXFileReference; fileEncoding = 4; lastKnownFileType = sourcecode.c.objc; path = "NSMutableArray+KJException.m"; sourceTree = "<group>"; };
		68B17EC0258B662E00177E4E /* NSTimer+KJException.h */ = {isa = PBXFileReference; lastKnownFileType = sourcecode.c.h; path = "NSTimer+KJException.h"; sourceTree = "<group>"; };
		68B17EC1258B662E00177E4E /* NSTimer+KJException.m */ = {isa = PBXFileReference; lastKnownFileType = sourcecode.c.objc; path = "NSTimer+KJException.m"; sourceTree = "<group>"; };
		725C1E3F3DEED72047F27B51 /* Pods_KJExceptionDemo_KJExceptionDemoUITests.framework */ = {isa = PBXFileReference; explicitFileType = wrapper.framework; includeInIndex = 0; path = Pods_KJExceptionDemo_KJExceptionDemoUITests.framework; sourceTree = BUILT_PRODUCTS_DIR; };
		9FCF47445A22BB70F618CB44 /* Pods-KJExceptionDemo-KJExceptionDemoUITests.debug.xcconfig */ = {isa = PBXFileReference; includeInIndex = 1; lastKnownFileType = text.xcconfig; name = "Pods-KJExceptionDemo-KJExceptionDemoUITests.debug.xcconfig"; path = "Target Support Files/Pods-KJExceptionDemo-KJExceptionDemoUITests/Pods-KJExceptionDemo-KJExceptionDemoUITests.debug.xcconfig"; sourceTree = "<group>"; };
		C044C30ED640F8CC8A9A6667 /* Pods_KJExceptionDemoTests.framework */ = {isa = PBXFileReference; explicitFileType = wrapper.framework; includeInIndex = 0; path = Pods_KJExceptionDemoTests.framework; sourceTree = BUILT_PRODUCTS_DIR; };
		C4E8D9D16C29E91090D777C5 /* Pods_KJExceptionDemo.framework */ = {isa = PBXFileReference; explicitFileType = wrapper.framework; includeInIndex = 0; path = Pods_KJExceptionDemo.framework; sourceTree = BUILT_PRODUCTS_DIR; };
		C8251A4E66B0A624A740C95D /* Pods-KJExceptionDemoTests.release.xcconfig */ = {isa = PBXFileReference; includeInIndex = 1; lastKnownFileType = text.xcconfig; name = "Pods-KJExceptionDemoTests.release.xcconfig"; path = "Target Support Files/Pods-KJExceptionDemoTests/Pods-KJExceptionDemoTests.release.xcconfig"; sourceTree = "<group>"; };
		D23A3DD2C5F2A5AAAEB17EED /* Pods-KJExceptionDemo.debug.xcconfig */ = {isa = PBXFileReference; includeInIndex = 1; lastKnownFileType = text.xcconfig; name = "Pods-KJExceptionDemo.debug.xcconfig"; path = "Target Support Files/Pods-KJExceptionDemo/Pods-KJExceptionDemo.debug.xcconfig"; sourceTree = "<group>"; };
		D5433CD71D59A1C51EE086D3 /* Pods-KJExceptionDemo-KJExceptionDemoUITests.release.xcconfig */ = {isa = PBXFileReference; includeInIndex = 1; lastKnownFileType = text.xcconfig; name = "Pods-KJExceptionDemo-KJExceptionDemoUITests.release.xcconfig"; path = "Target Support Files/Pods-KJExceptionDemo-KJExceptionDemoUITests/Pods-KJExceptionDemo-KJExceptionDemoUITests.release.xcconfig"; sourceTree = "<group>"; };
/* End PBXFileReference section */

/* Begin PBXFrameworksBuildPhase section */
		685AD5F92577274D00960EE6 /* Frameworks */ = {
			isa = PBXFrameworksBuildPhase;
			buildActionMask = 2147483647;
			files = (
				EE220845BD3C869D39D873B6 /* Pods_KJExceptionDemo.framework in Frameworks */,
			);
			runOnlyForDeploymentPostprocessing = 0;
		};
		685AD6172577274E00960EE6 /* Frameworks */ = {
			isa = PBXFrameworksBuildPhase;
			buildActionMask = 2147483647;
			files = (
				7E2512DE920A237A55DA7756 /* Pods_KJExceptionDemoTests.framework in Frameworks */,
			);
			runOnlyForDeploymentPostprocessing = 0;
		};
		685AD6222577274E00960EE6 /* Frameworks */ = {
			isa = PBXFrameworksBuildPhase;
			buildActionMask = 2147483647;
			files = (
				3AD16BE47A8770AF114A54BB /* Pods_KJExceptionDemo_KJExceptionDemoUITests.framework in Frameworks */,
			);
			runOnlyForDeploymentPostprocessing = 0;
		};
/* End PBXFrameworksBuildPhase section */

/* Begin PBXGroup section */
		683DDDCA2587665800718F03 /* Container */ = {
			isa = PBXGroup;
			children = (
				68AA5C68257732830099EB48 /* NSArray+KJException.h */,
				68AA5C72257732830099EB48 /* NSArray+KJException.m */,
				68AA5C6D257732830099EB48 /* NSDictionary+KJException.h */,
				68AA5C76257732830099EB48 /* NSDictionary+KJException.m */,
				68AA5C6C257732830099EB48 /* NSMutableArray+KJException.h */,
				68AA5C77257732830099EB48 /* NSMutableArray+KJException.m */,
				68AA5C73257732830099EB48 /* NSMutableDictionary+KJException.h */,
				68AA5C6B257732830099EB48 /* NSMutableDictionary+KJException.m */,
			);
			path = Container;
			sourceTree = "<group>";
		};
		683DDDCB2587666300718F03 /* String */ = {
			isa = PBXGroup;
			children = (
				683DDDDB2587679600718F03 /* NSAttributedString+KJException.h */,
				683DDDDC2587679600718F03 /* NSAttributedString+KJException.m */,
				683DDDCC2587675D00718F03 /* NSMutableAttributedString+KJException.h */,
				683DDDCD2587675D00718F03 /* NSMutableAttributedString+KJException.m */,
				68AA5C74257732830099EB48 /* NSMutableString+KJException.h */,
				68AA5C6A257732830099EB48 /* NSMutableString+KJException.m */,
				683DDDD52587677C00718F03 /* NSString+KJException.h */,
				683DDDD62587677C00718F03 /* NSString+KJException.m */,
			);
			path = String;
			sourceTree = "<group>";
		};
		683DDDE52587732300718F03 /* UnrecognizedSelector */ = {
			isa = PBXGroup;
			children = (
				683DDDE62587733700718F03 /* NSObject+KJUnrecognizedSelectorException.h */,
				683DDDE72587733700718F03 /* NSObject+KJUnrecognizedSelectorException.m */,
			);
			path = UnrecognizedSelector;
			sourceTree = "<group>";
		};
		684A42F32589DDF000CA3B49 /* NSNull */ = {
			isa = PBXGroup;
			children = (
				684A42F42589DE0900CA3B49 /* NSNull+KJException.h */,
				684A42F52589DE0900CA3B49 /* NSNull+KJException.m */,
			);
			path = NSNull;
			sourceTree = "<group>";
		};
		6854A8B8259AD51B000AF944 /* KVO */ = {
			isa = PBXGroup;
			children = (
				6854A8B9259AD55D000AF944 /* NSObject+KJKVOException.h */,
				6854A8BA259AD55D000AF944 /* NSObject+KJKVOException.m */,
			);
			path = KVO;
			sourceTree = "<group>";
		};
		6854A8BF259AFA53000AF944 /* UI */ = {
			isa = PBXGroup;
			children = (
				6854A8C0259AFA75000AF944 /* UIView+KJNonMainException.h */,
				6854A8C1259AFA75000AF944 /* UIView+KJNonMainException.m */,
			);
			path = UI;
			sourceTree = "<group>";
		};
		685AD5F32577274D00960EE6 = {
			isa = PBXGroup;
			children = (
				685AD5FE2577274D00960EE6 /* KJExceptionDemo */,
				685AD61D2577274E00960EE6 /* KJExceptionDemoTests */,
				685AD6282577274E00960EE6 /* KJExceptionDemoUITests */,
				685AD5FD2577274D00960EE6 /* Products */,
				B5D2B67E6439EB4C776BC8E7 /* Frameworks */,
				A6D79CB7B2737E7FE5C96BAB /* Pods */,
			);
			sourceTree = "<group>";
		};
		685AD5FD2577274D00960EE6 /* Products */ = {
			isa = PBXGroup;
			children = (
				685AD5FC2577274D00960EE6 /* KJExceptionDemo.app */,
				685AD61A2577274E00960EE6 /* KJExceptionDemoTests.xctest */,
				685AD6252577274E00960EE6 /* KJExceptionDemoUITests.xctest */,
			);
			name = Products;
			sourceTree = "<group>";
		};
		685AD5FE2577274D00960EE6 /* KJExceptionDemo */ = {
			isa = PBXGroup;
			children = (
				68AA5C66257732830099EB48 /* Exception */,
				685AD6102577274E00960EE6 /* LaunchScreen.storyboard */,
				685AD6082577274D00960EE6 /* Main.storyboard */,
				685AD6022577274D00960EE6 /* SceneDelegate.h */,
				685AD6032577274D00960EE6 /* SceneDelegate.m */,
				685AD6052577274D00960EE6 /* ViewController.h */,
				685AD6062577274D00960EE6 /* ViewController.m */,
				685AD5FF2577274D00960EE6 /* AppDelegate.h */,
				685AD6002577274D00960EE6 /* AppDelegate.m */,
				685AD60E2577274E00960EE6 /* Assets.xcassets */,
				684F9F1E257741C2005F1533 /* README.md */,
				685AD6142577274E00960EE6 /* main.m */,
				685AD6132577274E00960EE6 /* Info.plist */,
				684F9F19257741BA005F1533 /* KJExceptionDemo.podspec */,
				685AD60B2577274D00960EE6 /* KJExceptionDemo.xcdatamodeld */,
			);
			path = KJExceptionDemo;
			sourceTree = "<group>";
		};
		685AD61D2577274E00960EE6 /* KJExceptionDemoTests */ = {
			isa = PBXGroup;
			children = (
				685AD61E2577274E00960EE6 /* KJExceptionDemoTests.m */,
				685AD6202577274E00960EE6 /* Info.plist */,
			);
			path = KJExceptionDemoTests;
			sourceTree = "<group>";
		};
		685AD6282577274E00960EE6 /* KJExceptionDemoUITests */ = {
			isa = PBXGroup;
			children = (
				685AD6292577274E00960EE6 /* KJExceptionDemoUITests.m */,
				685AD62B2577274E00960EE6 /* Info.plist */,
			);
			path = KJExceptionDemoUITests;
			sourceTree = "<group>";
		};
		68AA5C66257732830099EB48 /* Exception */ = {
			isa = PBXGroup;
			children = (
				6854A8B8259AD51B000AF944 /* KVO */,
				684A42F32589DDF000CA3B49 /* NSNull */,
				68B17EBF258B661700177E4E /* NSTimer */,
				683DDDCB2587666300718F03 /* String */,
				6854A8BF259AFA53000AF944 /* UI */,
				683DDDE52587732300718F03 /* UnrecognizedSelector */,
				683DDDCA2587665800718F03 /* Container */,
				68AA5C6F257732830099EB48 /* KJCrashManager.h */,
				68AA5C75257732830099EB48 /* KJCrashManager.m */,
				683DDDC32587633A00718F03 /* KJCrashProtectorManager.h */,
				683DDDC42587633A00718F03 /* KJCrashProtectorManager.m */,
				68AA5C6E257732830099EB48 /* KJCrashProtocol.h */,
				68913FCB25884B79005DDB82 /* NSObject+KJCustomException.h */,
				68913FCC25884B79005DDB82 /* NSObject+KJCustomException.m */,
			);
			path = Exception;
			sourceTree = "<group>";
		};
		68B17EBF258B661700177E4E /* NSTimer */ = {
			isa = PBXGroup;
			children = (
				68B17EC0258B662E00177E4E /* NSTimer+KJException.h */,
				68B17EC1258B662E00177E4E /* NSTimer+KJException.m */,
			);
			path = NSTimer;
			sourceTree = "<group>";
		};
		A6D79CB7B2737E7FE5C96BAB /* Pods */ = {
			isa = PBXGroup;
			children = (
				D23A3DD2C5F2A5AAAEB17EED /* Pods-KJExceptionDemo.debug.xcconfig */,
				4518F1E75855FEF83C0FB32E /* Pods-KJExceptionDemo.release.xcconfig */,
				9FCF47445A22BB70F618CB44 /* Pods-KJExceptionDemo-KJExceptionDemoUITests.debug.xcconfig */,
				D5433CD71D59A1C51EE086D3 /* Pods-KJExceptionDemo-KJExceptionDemoUITests.release.xcconfig */,
				0A93A3412B5F9E4E093A8B2D /* Pods-KJExceptionDemoTests.debug.xcconfig */,
				C8251A4E66B0A624A740C95D /* Pods-KJExceptionDemoTests.release.xcconfig */,
			);
			path = Pods;
			sourceTree = "<group>";
		};
		B5D2B67E6439EB4C776BC8E7 /* Frameworks */ = {
			isa = PBXGroup;
			children = (
				C4E8D9D16C29E91090D777C5 /* Pods_KJExceptionDemo.framework */,
				725C1E3F3DEED72047F27B51 /* Pods_KJExceptionDemo_KJExceptionDemoUITests.framework */,
				C044C30ED640F8CC8A9A6667 /* Pods_KJExceptionDemoTests.framework */,
			);
			name = Frameworks;
			sourceTree = "<group>";
		};
/* End PBXGroup section */

/* Begin PBXNativeTarget section */
		685AD5FB2577274D00960EE6 /* KJExceptionDemo */ = {
			isa = PBXNativeTarget;
			buildConfigurationList = 685AD62E2577274E00960EE6 /* Build configuration list for PBXNativeTarget "KJExceptionDemo" */;
			buildPhases = (
				19BE1747F2F6AFE65F5D34E0 /* [CP] Check Pods Manifest.lock */,
				685AD5F82577274D00960EE6 /* Sources */,
				685AD5F92577274D00960EE6 /* Frameworks */,
				685AD5FA2577274D00960EE6 /* Resources */,
			);
			buildRules = (
			);
			dependencies = (
			);
			name = KJExceptionDemo;
			productName = KJExceptionDemo;
			productReference = 685AD5FC2577274D00960EE6 /* KJExceptionDemo.app */;
			productType = "com.apple.product-type.application";
		};
		685AD6192577274E00960EE6 /* KJExceptionDemoTests */ = {
			isa = PBXNativeTarget;
			buildConfigurationList = 685AD6312577274E00960EE6 /* Build configuration list for PBXNativeTarget "KJExceptionDemoTests" */;
			buildPhases = (
				84A311F7FBEBFF17936C8D2B /* [CP] Check Pods Manifest.lock */,
				685AD6162577274E00960EE6 /* Sources */,
				685AD6172577274E00960EE6 /* Frameworks */,
				685AD6182577274E00960EE6 /* Resources */,
			);
			buildRules = (
			);
			dependencies = (
				685AD61C2577274E00960EE6 /* PBXTargetDependency */,
			);
			name = KJExceptionDemoTests;
			productName = KJExceptionDemoTests;
			productReference = 685AD61A2577274E00960EE6 /* KJExceptionDemoTests.xctest */;
			productType = "com.apple.product-type.bundle.unit-test";
		};
		685AD6242577274E00960EE6 /* KJExceptionDemoUITests */ = {
			isa = PBXNativeTarget;
			buildConfigurationList = 685AD6342577274E00960EE6 /* Build configuration list for PBXNativeTarget "KJExceptionDemoUITests" */;
			buildPhases = (
				1C5283738128C0B7C791C954 /* [CP] Check Pods Manifest.lock */,
				685AD6212577274E00960EE6 /* Sources */,
				685AD6222577274E00960EE6 /* Frameworks */,
				685AD6232577274E00960EE6 /* Resources */,
			);
			buildRules = (
			);
			dependencies = (
				685AD6272577274E00960EE6 /* PBXTargetDependency */,
			);
			name = KJExceptionDemoUITests;
			productName = KJExceptionDemoUITests;
			productReference = 685AD6252577274E00960EE6 /* KJExceptionDemoUITests.xctest */;
			productType = "com.apple.product-type.bundle.ui-testing";
		};
/* End PBXNativeTarget section */

/* Begin PBXProject section */
		685AD5F42577274D00960EE6 /* Project object */ = {
			isa = PBXProject;
			attributes = {
				LastUpgradeCheck = 1220;
				TargetAttributes = {
					685AD5FB2577274D00960EE6 = {
						CreatedOnToolsVersion = 12.2;
					};
					685AD6192577274E00960EE6 = {
						CreatedOnToolsVersion = 12.2;
						TestTargetID = 685AD5FB2577274D00960EE6;
					};
					685AD6242577274E00960EE6 = {
						CreatedOnToolsVersion = 12.2;
						TestTargetID = 685AD5FB2577274D00960EE6;
					};
				};
			};
			buildConfigurationList = 685AD5F72577274D00960EE6 /* Build configuration list for PBXProject "KJExceptionDemo" */;
			compatibilityVersion = "Xcode 9.3";
			developmentRegion = en;
			hasScannedForEncodings = 0;
			knownRegions = (
				en,
				Base,
			);
			mainGroup = 685AD5F32577274D00960EE6;
			productRefGroup = 685AD5FD2577274D00960EE6 /* Products */;
			projectDirPath = "";
			projectRoot = "";
			targets = (
				685AD5FB2577274D00960EE6 /* KJExceptionDemo */,
				685AD6192577274E00960EE6 /* KJExceptionDemoTests */,
				685AD6242577274E00960EE6 /* KJExceptionDemoUITests */,
			);
		};
/* End PBXProject section */

/* Begin PBXResourcesBuildPhase section */
		685AD5FA2577274D00960EE6 /* Resources */ = {
			isa = PBXResourcesBuildPhase;
			buildActionMask = 2147483647;
			files = (
				684F9F1A257741BA005F1533 /* KJExceptionDemo.podspec in Resources */,
				685AD6122577274E00960EE6 /* LaunchScreen.storyboard in Resources */,
				684F9F1F257741C2005F1533 /* README.md in Resources */,
				685AD60F2577274E00960EE6 /* Assets.xcassets in Resources */,
				685AD60A2577274D00960EE6 /* Main.storyboard in Resources */,
			);
			runOnlyForDeploymentPostprocessing = 0;
		};
		685AD6182577274E00960EE6 /* Resources */ = {
			isa = PBXResourcesBuildPhase;
			buildActionMask = 2147483647;
			files = (
			);
			runOnlyForDeploymentPostprocessing = 0;
		};
		685AD6232577274E00960EE6 /* Resources */ = {
			isa = PBXResourcesBuildPhase;
			buildActionMask = 2147483647;
			files = (
			);
			runOnlyForDeploymentPostprocessing = 0;
		};
/* End PBXResourcesBuildPhase section */

/* Begin PBXShellScriptBuildPhase section */
		19BE1747F2F6AFE65F5D34E0 /* [CP] Check Pods Manifest.lock */ = {
			isa = PBXShellScriptBuildPhase;
			buildActionMask = 2147483647;
			files = (
			);
			inputFileListPaths = (
			);
			inputPaths = (
				"${PODS_PODFILE_DIR_PATH}/Podfile.lock",
				"${PODS_ROOT}/Manifest.lock",
			);
			name = "[CP] Check Pods Manifest.lock";
			outputFileListPaths = (
			);
			outputPaths = (
				"$(DERIVED_FILE_DIR)/Pods-KJExceptionDemo-checkManifestLockResult.txt",
			);
			runOnlyForDeploymentPostprocessing = 0;
			shellPath = /bin/sh;
			shellScript = "diff \"${PODS_PODFILE_DIR_PATH}/Podfile.lock\" \"${PODS_ROOT}/Manifest.lock\" > /dev/null\nif [ $? != 0 ] ; then\n    # print error to STDERR\n    echo \"error: The sandbox is not in sync with the Podfile.lock. Run 'pod install' or update your CocoaPods installation.\" >&2\n    exit 1\nfi\n# This output is used by Xcode 'outputs' to avoid re-running this script phase.\necho \"SUCCESS\" > \"${SCRIPT_OUTPUT_FILE_0}\"\n";
			showEnvVarsInLog = 0;
		};
		1C5283738128C0B7C791C954 /* [CP] Check Pods Manifest.lock */ = {
			isa = PBXShellScriptBuildPhase;
			buildActionMask = 2147483647;
			files = (
			);
			inputFileListPaths = (
			);
			inputPaths = (
				"${PODS_PODFILE_DIR_PATH}/Podfile.lock",
				"${PODS_ROOT}/Manifest.lock",
			);
			name = "[CP] Check Pods Manifest.lock";
			outputFileListPaths = (
			);
			outputPaths = (
				"$(DERIVED_FILE_DIR)/Pods-KJExceptionDemo-KJExceptionDemoUITests-checkManifestLockResult.txt",
			);
			runOnlyForDeploymentPostprocessing = 0;
			shellPath = /bin/sh;
			shellScript = "diff \"${PODS_PODFILE_DIR_PATH}/Podfile.lock\" \"${PODS_ROOT}/Manifest.lock\" > /dev/null\nif [ $? != 0 ] ; then\n    # print error to STDERR\n    echo \"error: The sandbox is not in sync with the Podfile.lock. Run 'pod install' or update your CocoaPods installation.\" >&2\n    exit 1\nfi\n# This output is used by Xcode 'outputs' to avoid re-running this script phase.\necho \"SUCCESS\" > \"${SCRIPT_OUTPUT_FILE_0}\"\n";
			showEnvVarsInLog = 0;
		};
		84A311F7FBEBFF17936C8D2B /* [CP] Check Pods Manifest.lock */ = {
			isa = PBXShellScriptBuildPhase;
			buildActionMask = 2147483647;
			files = (
			);
			inputFileListPaths = (
			);
			inputPaths = (
				"${PODS_PODFILE_DIR_PATH}/Podfile.lock",
				"${PODS_ROOT}/Manifest.lock",
			);
			name = "[CP] Check Pods Manifest.lock";
			outputFileListPaths = (
			);
			outputPaths = (
				"$(DERIVED_FILE_DIR)/Pods-KJExceptionDemoTests-checkManifestLockResult.txt",
			);
			runOnlyForDeploymentPostprocessing = 0;
			shellPath = /bin/sh;
			shellScript = "diff \"${PODS_PODFILE_DIR_PATH}/Podfile.lock\" \"${PODS_ROOT}/Manifest.lock\" > /dev/null\nif [ $? != 0 ] ; then\n    # print error to STDERR\n    echo \"error: The sandbox is not in sync with the Podfile.lock. Run 'pod install' or update your CocoaPods installation.\" >&2\n    exit 1\nfi\n# This output is used by Xcode 'outputs' to avoid re-running this script phase.\necho \"SUCCESS\" > \"${SCRIPT_OUTPUT_FILE_0}\"\n";
			showEnvVarsInLog = 0;
		};
/* End PBXShellScriptBuildPhase section */

/* Begin PBXSourcesBuildPhase section */
		685AD5F82577274D00960EE6 /* Sources */ = {
			isa = PBXSourcesBuildPhase;
			buildActionMask = 2147483647;
			files = (
				68AA5C7A257732830099EB48 /* NSMutableString+KJException.m in Sources */,
				685AD6152577274E00960EE6 /* main.m in Sources */,
				68AA5C7C257732830099EB48 /* NSArray+KJException.m in Sources */,
				6854A8C2259AFA75000AF944 /* UIView+KJNonMainException.m in Sources */,
				6854A8BB259AD55D000AF944 /* NSObject+KJKVOException.m in Sources */,
				68913FCD25884B79005DDB82 /* NSObject+KJCustomException.m in Sources */,
				685AD6072577274D00960EE6 /* ViewController.m in Sources */,
				683DDDD72587677C00718F03 /* NSString+KJException.m in Sources */,
				683DDDCE2587675D00718F03 /* NSMutableAttributedString+KJException.m in Sources */,
				683DDDDD2587679600718F03 /* NSAttributedString+KJException.m in Sources */,
				68AA5C7D257732830099EB48 /* KJCrashManager.m in Sources */,
				68AA5C7F257732830099EB48 /* NSMutableArray+KJException.m in Sources */,
				685AD60D2577274D00960EE6 /* KJExceptionDemo.xcdatamodeld in Sources */,
				68B17EC2258B662E00177E4E /* NSTimer+KJException.m in Sources */,
				683DDDE82587733700718F03 /* NSObject+KJUnrecognizedSelectorException.m in Sources */,
				68AA5C7E257732830099EB48 /* NSDictionary+KJException.m in Sources */,
				685AD6012577274D00960EE6 /* AppDelegate.m in Sources */,
				684A42F62589DE0900CA3B49 /* NSNull+KJException.m in Sources */,
				68AA5C7B257732830099EB48 /* NSMutableDictionary+KJException.m in Sources */,
				685AD6042577274D00960EE6 /* SceneDelegate.m in Sources */,
				683DDDC52587633A00718F03 /* KJCrashProtectorManager.m in Sources */,
			);
			runOnlyForDeploymentPostprocessing = 0;
		};
		685AD6162577274E00960EE6 /* Sources */ = {
			isa = PBXSourcesBuildPhase;
			buildActionMask = 2147483647;
			files = (
				685AD61F2577274E00960EE6 /* KJExceptionDemoTests.m in Sources */,
			);
			runOnlyForDeploymentPostprocessing = 0;
		};
		685AD6212577274E00960EE6 /* Sources */ = {
			isa = PBXSourcesBuildPhase;
			buildActionMask = 2147483647;
			files = (
				685AD62A2577274E00960EE6 /* KJExceptionDemoUITests.m in Sources */,
			);
			runOnlyForDeploymentPostprocessing = 0;
		};
/* End PBXSourcesBuildPhase section */

/* Begin PBXTargetDependency section */
		685AD61C2577274E00960EE6 /* PBXTargetDependency */ = {
			isa = PBXTargetDependency;
			target = 685AD5FB2577274D00960EE6 /* KJExceptionDemo */;
			targetProxy = 685AD61B2577274E00960EE6 /* PBXContainerItemProxy */;
		};
		685AD6272577274E00960EE6 /* PBXTargetDependency */ = {
			isa = PBXTargetDependency;
			target = 685AD5FB2577274D00960EE6 /* KJExceptionDemo */;
			targetProxy = 685AD6262577274E00960EE6 /* PBXContainerItemProxy */;
		};
/* End PBXTargetDependency section */

/* Begin PBXVariantGroup section */
		685AD6082577274D00960EE6 /* Main.storyboard */ = {
			isa = PBXVariantGroup;
			children = (
				685AD6092577274D00960EE6 /* Base */,
			);
			name = Main.storyboard;
			sourceTree = "<group>";
		};
		685AD6102577274E00960EE6 /* LaunchScreen.storyboard */ = {
			isa = PBXVariantGroup;
			children = (
				685AD6112577274E00960EE6 /* Base */,
			);
			name = LaunchScreen.storyboard;
			sourceTree = "<group>";
		};
/* End PBXVariantGroup section */

/* Begin XCBuildConfiguration section */
		685AD62C2577274E00960EE6 /* Debug */ = {
			isa = XCBuildConfiguration;
			buildSettings = {
				ALWAYS_SEARCH_USER_PATHS = NO;
				CLANG_ANALYZER_NONNULL = YES;
				CLANG_ANALYZER_NUMBER_OBJECT_CONVERSION = YES_AGGRESSIVE;
				CLANG_CXX_LANGUAGE_STANDARD = "gnu++14";
				CLANG_CXX_LIBRARY = "libc++";
				CLANG_ENABLE_MODULES = YES;
				CLANG_ENABLE_OBJC_ARC = YES;
				CLANG_ENABLE_OBJC_WEAK = YES;
				CLANG_WARN_BLOCK_CAPTURE_AUTORELEASING = YES;
				CLANG_WARN_BOOL_CONVERSION = YES;
				CLANG_WARN_COMMA = YES;
				CLANG_WARN_CONSTANT_CONVERSION = YES;
				CLANG_WARN_DEPRECATED_OBJC_IMPLEMENTATIONS = YES;
				CLANG_WARN_DIRECT_OBJC_ISA_USAGE = YES_ERROR;
				CLANG_WARN_DOCUMENTATION_COMMENTS = YES;
				CLANG_WARN_EMPTY_BODY = YES;
				CLANG_WARN_ENUM_CONVERSION = YES;
				CLANG_WARN_INFINITE_RECURSION = YES;
				CLANG_WARN_INT_CONVERSION = YES;
				CLANG_WARN_NON_LITERAL_NULL_CONVERSION = YES;
				CLANG_WARN_OBJC_IMPLICIT_RETAIN_SELF = YES;
				CLANG_WARN_OBJC_LITERAL_CONVERSION = YES;
				CLANG_WARN_OBJC_ROOT_CLASS = YES_ERROR;
				CLANG_WARN_QUOTED_INCLUDE_IN_FRAMEWORK_HEADER = YES;
				CLANG_WARN_RANGE_LOOP_ANALYSIS = YES;
				CLANG_WARN_STRICT_PROTOTYPES = YES;
				CLANG_WARN_SUSPICIOUS_MOVE = YES;
				CLANG_WARN_UNGUARDED_AVAILABILITY = YES_AGGRESSIVE;
				CLANG_WARN_UNREACHABLE_CODE = YES;
				CLANG_WARN__DUPLICATE_METHOD_MATCH = YES;
				COPY_PHASE_STRIP = NO;
				DEBUG_INFORMATION_FORMAT = dwarf;
				ENABLE_STRICT_OBJC_MSGSEND = YES;
				ENABLE_TESTABILITY = YES;
				GCC_C_LANGUAGE_STANDARD = gnu11;
				GCC_DYNAMIC_NO_PIC = NO;
				GCC_NO_COMMON_BLOCKS = YES;
				GCC_OPTIMIZATION_LEVEL = 0;
				GCC_PREPROCESSOR_DEFINITIONS = (
					"DEBUG=1",
					"$(inherited)",
				);
				GCC_WARN_64_TO_32_BIT_CONVERSION = YES;
				GCC_WARN_ABOUT_RETURN_TYPE = YES_ERROR;
				GCC_WARN_UNDECLARED_SELECTOR = YES;
				GCC_WARN_UNINITIALIZED_AUTOS = YES_AGGRESSIVE;
				GCC_WARN_UNUSED_FUNCTION = YES;
				GCC_WARN_UNUSED_VARIABLE = YES;
				IPHONEOS_DEPLOYMENT_TARGET = 12.0;
				MTL_ENABLE_DEBUG_INFO = INCLUDE_SOURCE;
				MTL_FAST_MATH = YES;
				ONLY_ACTIVE_ARCH = YES;
				SDKROOT = iphoneos;
			};
			name = Debug;
		};
		685AD62D2577274E00960EE6 /* Release */ = {
			isa = XCBuildConfiguration;
			buildSettings = {
				ALWAYS_SEARCH_USER_PATHS = NO;
				CLANG_ANALYZER_NONNULL = YES;
				CLANG_ANALYZER_NUMBER_OBJECT_CONVERSION = YES_AGGRESSIVE;
				CLANG_CXX_LANGUAGE_STANDARD = "gnu++14";
				CLANG_CXX_LIBRARY = "libc++";
				CLANG_ENABLE_MODULES = YES;
				CLANG_ENABLE_OBJC_ARC = YES;
				CLANG_ENABLE_OBJC_WEAK = YES;
				CLANG_WARN_BLOCK_CAPTURE_AUTORELEASING = YES;
				CLANG_WARN_BOOL_CONVERSION = YES;
				CLANG_WARN_COMMA = YES;
				CLANG_WARN_CONSTANT_CONVERSION = YES;
				CLANG_WARN_DEPRECATED_OBJC_IMPLEMENTATIONS = YES;
				CLANG_WARN_DIRECT_OBJC_ISA_USAGE = YES_ERROR;
				CLANG_WARN_DOCUMENTATION_COMMENTS = YES;
				CLANG_WARN_EMPTY_BODY = YES;
				CLANG_WARN_ENUM_CONVERSION = YES;
				CLANG_WARN_INFINITE_RECURSION = YES;
				CLANG_WARN_INT_CONVERSION = YES;
				CLANG_WARN_NON_LITERAL_NULL_CONVERSION = YES;
				CLANG_WARN_OBJC_IMPLICIT_RETAIN_SELF = YES;
				CLANG_WARN_OBJC_LITERAL_CONVERSION = YES;
				CLANG_WARN_OBJC_ROOT_CLASS = YES_ERROR;
				CLANG_WARN_QUOTED_INCLUDE_IN_FRAMEWORK_HEADER = YES;
				CLANG_WARN_RANGE_LOOP_ANALYSIS = YES;
				CLANG_WARN_STRICT_PROTOTYPES = YES;
				CLANG_WARN_SUSPICIOUS_MOVE = YES;
				CLANG_WARN_UNGUARDED_AVAILABILITY = YES_AGGRESSIVE;
				CLANG_WARN_UNREACHABLE_CODE = YES;
				CLANG_WARN__DUPLICATE_METHOD_MATCH = YES;
				COPY_PHASE_STRIP = NO;
				DEBUG_INFORMATION_FORMAT = "dwarf-with-dsym";
				ENABLE_NS_ASSERTIONS = NO;
				ENABLE_STRICT_OBJC_MSGSEND = YES;
				GCC_C_LANGUAGE_STANDARD = gnu11;
				GCC_NO_COMMON_BLOCKS = YES;
				GCC_WARN_64_TO_32_BIT_CONVERSION = YES;
				GCC_WARN_ABOUT_RETURN_TYPE = YES_ERROR;
				GCC_WARN_UNDECLARED_SELECTOR = YES;
				GCC_WARN_UNINITIALIZED_AUTOS = YES_AGGRESSIVE;
				GCC_WARN_UNUSED_FUNCTION = YES;
				GCC_WARN_UNUSED_VARIABLE = YES;
				IPHONEOS_DEPLOYMENT_TARGET = 12.0;
				MTL_ENABLE_DEBUG_INFO = NO;
				MTL_FAST_MATH = YES;
				SDKROOT = iphoneos;
				VALIDATE_PRODUCT = YES;
			};
			name = Release;
		};
		685AD62F2577274E00960EE6 /* Debug */ = {
			isa = XCBuildConfiguration;
			baseConfigurationReference = D23A3DD2C5F2A5AAAEB17EED /* Pods-KJExceptionDemo.debug.xcconfig */;
			buildSettings = {
				ASSETCATALOG_COMPILER_APPICON_NAME = AppIcon;
				ASSETCATALOG_COMPILER_GLOBAL_ACCENT_COLOR_NAME = AccentColor;
				CODE_SIGN_STYLE = Automatic;
				DEVELOPMENT_TEAM = 6E658L6H38;
				INFOPLIST_FILE = KJExceptionDemo/Info.plist;
				LD_RUNPATH_SEARCH_PATHS = (
					"$(inherited)",
					"@executable_path/Frameworks",
				);
				PRODUCT_BUNDLE_IDENTIFIER = com.KJExceptionDemo;
				PRODUCT_NAME = "$(TARGET_NAME)";
				TARGETED_DEVICE_FAMILY = "1,2";
			};
			name = Debug;
		};
		685AD6302577274E00960EE6 /* Release */ = {
			isa = XCBuildConfiguration;
			baseConfigurationReference = 4518F1E75855FEF83C0FB32E /* Pods-KJExceptionDemo.release.xcconfig */;
			buildSettings = {
				ASSETCATALOG_COMPILER_APPICON_NAME = AppIcon;
				ASSETCATALOG_COMPILER_GLOBAL_ACCENT_COLOR_NAME = AccentColor;
				CODE_SIGN_STYLE = Automatic;
				DEVELOPMENT_TEAM = 6E658L6H38;
				INFOPLIST_FILE = KJExceptionDemo/Info.plist;
				LD_RUNPATH_SEARCH_PATHS = (
					"$(inherited)",
					"@executable_path/Frameworks",
				);
				PRODUCT_BUNDLE_IDENTIFIER = com.KJExceptionDemo;
				PRODUCT_NAME = "$(TARGET_NAME)";
				TARGETED_DEVICE_FAMILY = "1,2";
			};
			name = Release;
		};
		685AD6322577274E00960EE6 /* Debug */ = {
			isa = XCBuildConfiguration;
			baseConfigurationReference = 0A93A3412B5F9E4E093A8B2D /* Pods-KJExceptionDemoTests.debug.xcconfig */;
			buildSettings = {
				BUNDLE_LOADER = "$(TEST_HOST)";
				CODE_SIGN_STYLE = Automatic;
				DEVELOPMENT_TEAM = 6E658L6H38;
				INFOPLIST_FILE = KJExceptionDemoTests/Info.plist;
				IPHONEOS_DEPLOYMENT_TARGET = 14.2;
				LD_RUNPATH_SEARCH_PATHS = (
					"$(inherited)",
					"@executable_path/Frameworks",
					"@loader_path/Frameworks",
				);
				PRODUCT_BUNDLE_IDENTIFIER = com.KJExceptionDemoTests;
				PRODUCT_NAME = "$(TARGET_NAME)";
				TARGETED_DEVICE_FAMILY = "1,2";
				TEST_HOST = "$(BUILT_PRODUCTS_DIR)/KJExceptionDemo.app/KJExceptionDemo";
			};
			name = Debug;
		};
		685AD6332577274E00960EE6 /* Release */ = {
			isa = XCBuildConfiguration;
			baseConfigurationReference = C8251A4E66B0A624A740C95D /* Pods-KJExceptionDemoTests.release.xcconfig */;
			buildSettings = {
				BUNDLE_LOADER = "$(TEST_HOST)";
				CODE_SIGN_STYLE = Automatic;
				DEVELOPMENT_TEAM = 6E658L6H38;
				INFOPLIST_FILE = KJExceptionDemoTests/Info.plist;
				IPHONEOS_DEPLOYMENT_TARGET = 14.2;
				LD_RUNPATH_SEARCH_PATHS = (
					"$(inherited)",
					"@executable_path/Frameworks",
					"@loader_path/Frameworks",
				);
				PRODUCT_BUNDLE_IDENTIFIER = com.KJExceptionDemoTests;
				PRODUCT_NAME = "$(TARGET_NAME)";
				TARGETED_DEVICE_FAMILY = "1,2";
				TEST_HOST = "$(BUILT_PRODUCTS_DIR)/KJExceptionDemo.app/KJExceptionDemo";
			};
			name = Release;
		};
		685AD6352577274E00960EE6 /* Debug */ = {
			isa = XCBuildConfiguration;
			baseConfigurationReference = 9FCF47445A22BB70F618CB44 /* Pods-KJExceptionDemo-KJExceptionDemoUITests.debug.xcconfig */;
			buildSettings = {
				CODE_SIGN_STYLE = Automatic;
				DEVELOPMENT_TEAM = 6E658L6H38;
				INFOPLIST_FILE = KJExceptionDemoUITests/Info.plist;
				LD_RUNPATH_SEARCH_PATHS = (
					"$(inherited)",
					"@executable_path/Frameworks",
					"@loader_path/Frameworks",
				);
				PRODUCT_BUNDLE_IDENTIFIER = com.KJExceptionDemoUITests;
				PRODUCT_NAME = "$(TARGET_NAME)";
				TARGETED_DEVICE_FAMILY = "1,2";
				TEST_TARGET_NAME = KJExceptionDemo;
			};
			name = Debug;
		};
		685AD6362577274E00960EE6 /* Release */ = {
			isa = XCBuildConfiguration;
			baseConfigurationReference = D5433CD71D59A1C51EE086D3 /* Pods-KJExceptionDemo-KJExceptionDemoUITests.release.xcconfig */;
			buildSettings = {
				CODE_SIGN_STYLE = Automatic;
				DEVELOPMENT_TEAM = 6E658L6H38;
				INFOPLIST_FILE = KJExceptionDemoUITests/Info.plist;
				LD_RUNPATH_SEARCH_PATHS = (
					"$(inherited)",
					"@executable_path/Frameworks",
					"@loader_path/Frameworks",
				);
				PRODUCT_BUNDLE_IDENTIFIER = com.KJExceptionDemoUITests;
				PRODUCT_NAME = "$(TARGET_NAME)";
				TARGETED_DEVICE_FAMILY = "1,2";
				TEST_TARGET_NAME = KJExceptionDemo;
			};
			name = Release;
		};
/* End XCBuildConfiguration section */

/* Begin XCConfigurationList section */
		685AD5F72577274D00960EE6 /* Build configuration list for PBXProject "KJExceptionDemo" */ = {
			isa = XCConfigurationList;
			buildConfigurations = (
				685AD62C2577274E00960EE6 /* Debug */,
				685AD62D2577274E00960EE6 /* Release */,
			);
			defaultConfigurationIsVisible = 0;
			defaultConfigurationName = Release;
		};
		685AD62E2577274E00960EE6 /* Build configuration list for PBXNativeTarget "KJExceptionDemo" */ = {
			isa = XCConfigurationList;
			buildConfigurations = (
				685AD62F2577274E00960EE6 /* Debug */,
				685AD6302577274E00960EE6 /* Release */,
			);
			defaultConfigurationIsVisible = 0;
			defaultConfigurationName = Release;
		};
		685AD6312577274E00960EE6 /* Build configuration list for PBXNativeTarget "KJExceptionDemoTests" */ = {
			isa = XCConfigurationList;
			buildConfigurations = (
				685AD6322577274E00960EE6 /* Debug */,
				685AD6332577274E00960EE6 /* Release */,
			);
			defaultConfigurationIsVisible = 0;
			defaultConfigurationName = Release;
		};
		685AD6342577274E00960EE6 /* Build configuration list for PBXNativeTarget "KJExceptionDemoUITests" */ = {
			isa = XCConfigurationList;
			buildConfigurations = (
				685AD6352577274E00960EE6 /* Debug */,
				685AD6362577274E00960EE6 /* Release */,
			);
			defaultConfigurationIsVisible = 0;
			defaultConfigurationName = Release;
		};
/* End XCConfigurationList section */

/* Begin XCVersionGroup section */
		685AD60B2577274D00960EE6 /* KJExceptionDemo.xcdatamodeld */ = {
			isa = XCVersionGroup;
			children = (
				685AD60C2577274D00960EE6 /* KJExceptionDemo.xcdatamodel */,
			);
			currentVersion = 685AD60C2577274D00960EE6 /* KJExceptionDemo.xcdatamodel */;
			path = KJExceptionDemo.xcdatamodeld;
			sourceTree = "<group>";
			versionGroupType = wrapper.xcdatamodel;
		};
/* End XCVersionGroup section */
	};
	rootObject = 685AD5F42577274D00960EE6 /* Project object */;
}
